// !$*UTF8*$!
{
	archiveVersion = 1;
	classes = {
	};
	objectVersion = 50;
	objects = {

/* Begin PBXBuildFile section */
		0E1916C222245F1200D12286 /* FunctionSignature+Argument+Identifier+Parsable.swift in Sources */ = {isa = PBXBuildFile; fileRef = 0E1916C122245F1200D12286 /* FunctionSignature+Argument+Identifier+Parsable.swift */; };
		0E1916C422245F2F00D12286 /* FunctionSignature+Arguments+Parsable.swift in Sources */ = {isa = PBXBuildFile; fileRef = 0E1916C322245F2F00D12286 /* FunctionSignature+Arguments+Parsable.swift */; };
		0E1916C622245F5700D12286 /* MethodDefinition+Target+Parsable.swift in Sources */ = {isa = PBXBuildFile; fileRef = 0E1916C522245F5700D12286 /* MethodDefinition+Target+Parsable.swift */; };
		0E1916C822245F9900D12286 /* PatternMatching+Case+Match+Parsable.swift in Sources */ = {isa = PBXBuildFile; fileRef = 0E1916C722245F9900D12286 /* PatternMatching+Case+Match+Parsable.swift */; };
		0E1916CA22245FD900D12286 /* Value+FunctionCall+Argument+Parsable.swift in Sources */ = {isa = PBXBuildFile; fileRef = 0E1916C922245FD900D12286 /* Value+FunctionCall+Argument+Parsable.swift */; };
		0E1916CC22245FE900D12286 /* Value+FunctionCall+Arguments+Parsable.swift in Sources */ = {isa = PBXBuildFile; fileRef = 0E1916CB22245FE900D12286 /* Value+FunctionCall+Arguments+Parsable.swift */; };
		0E1916CE2224601100D12286 /* Value+MembetCall+Selector+Parsable.swift in Sources */ = {isa = PBXBuildFile; fileRef = 0E1916CD2224601100D12286 /* Value+MembetCall+Selector+Parsable.swift */; };
		0E1916D2222466A800D12286 /* Optional+Parsable.swift in Sources */ = {isa = PBXBuildFile; fileRef = 0E1916D1222466A800D12286 /* Optional+Parsable.swift */; };
		0E1916D4222466B700D12286 /* Array+Parsable.swift in Sources */ = {isa = PBXBuildFile; fileRef = 0E1916D3222466B700D12286 /* Array+Parsable.swift */; };
		0E1916D6222466CE00D12286 /* Parsable+Indirect.swift in Sources */ = {isa = PBXBuildFile; fileRef = 0E1916D5222466CE00D12286 /* Parsable+Indirect.swift */; };
		0E1916D8222466E000D12286 /* Parsable+Init.swift in Sources */ = {isa = PBXBuildFile; fileRef = 0E1916D7222466E000D12286 /* Parsable+Init.swift */; };
		0E1916DC2224671B00D12286 /* Parser+AnyParser.swift in Sources */ = {isa = PBXBuildFile; fileRef = 0E1916DB2224671B00D12286 /* Parser+AnyParser.swift */; };
		0EA97E9C222214B200668C04 /* AppDelegate.swift in Sources */ = {isa = PBXBuildFile; fileRef = 0EA97E9B222214B200668C04 /* AppDelegate.swift */; };
		0EA97E9E222214B200668C04 /* ViewController.swift in Sources */ = {isa = PBXBuildFile; fileRef = 0EA97E9D222214B200668C04 /* ViewController.swift */; };
		0EA97EA1222214B200668C04 /* Main.storyboard in Resources */ = {isa = PBXBuildFile; fileRef = 0EA97E9F222214B200668C04 /* Main.storyboard */; };
		0EA97EA3222214B300668C04 /* Assets.xcassets in Resources */ = {isa = PBXBuildFile; fileRef = 0EA97EA2222214B300668C04 /* Assets.xcassets */; };
		0EA97EA6222214B300668C04 /* LaunchScreen.storyboard in Resources */ = {isa = PBXBuildFile; fileRef = 0EA97EA4222214B300668C04 /* LaunchScreen.storyboard */; };
		0EA97EB02222151300668C04 /* Token.swift in Sources */ = {isa = PBXBuildFile; fileRef = 0EA97EAF2222151300668C04 /* Token.swift */; };
		0EA97EB2222216AA00668C04 /* TokenGenerator.swift in Sources */ = {isa = PBXBuildFile; fileRef = 0EA97EB1222216AA00668C04 /* TokenGenerator.swift */; };
		0EA97EB4222216CA00668C04 /* GeneratedToken.swift in Sources */ = {isa = PBXBuildFile; fileRef = 0EA97EB3222216CA00668C04 /* GeneratedToken.swift */; };
		0EA97EB62222172A00668C04 /* RegexTokenGenerator.swift in Sources */ = {isa = PBXBuildFile; fileRef = 0EA97EB52222172A00668C04 /* RegexTokenGenerator.swift */; };
		0EA97EB8222217D300668C04 /* Swift+Range.swift in Sources */ = {isa = PBXBuildFile; fileRef = 0EA97EB7222217D300668C04 /* Swift+Range.swift */; };
		0EA97EBA222219FE00668C04 /* Array+TokenGenerator.swift in Sources */ = {isa = PBXBuildFile; fileRef = 0EA97EB9222219FE00668C04 /* Array+TokenGenerator.swift */; };
		0EA97EBD22221AF600668C04 /* EmptyContentTokenGenerator.swift in Sources */ = {isa = PBXBuildFile; fileRef = 0EA97EBC22221AF600668C04 /* EmptyContentTokenGenerator.swift */; };
		0EA97EBF22221BA100668C04 /* TypeDefinitionTokenGenerator.swift in Sources */ = {isa = PBXBuildFile; fileRef = 0EA97EBE22221BA100668C04 /* TypeDefinitionTokenGenerator.swift */; };
		0EA97EC122221C1700668C04 /* OpenParenthesisTokenGenerator.swift in Sources */ = {isa = PBXBuildFile; fileRef = 0EA97EC022221C1700668C04 /* OpenParenthesisTokenGenerator.swift */; };
		0EA97EC322221C3600668C04 /* CloseParenthesisTokenGenerator.swift in Sources */ = {isa = PBXBuildFile; fileRef = 0EA97EC222221C3600668C04 /* CloseParenthesisTokenGenerator.swift */; };
		0EA97EC522221C6300668C04 /* ConstantDefinitionTokenGenerator.swift in Sources */ = {isa = PBXBuildFile; fileRef = 0EA97EC422221C6300668C04 /* ConstantDefinitionTokenGenerator.swift */; };
		0EA97EC722221CFF00668C04 /* OpenBracketsTokenGenerator.swift in Sources */ = {isa = PBXBuildFile; fileRef = 0EA97EC622221CFF00668C04 /* OpenBracketsTokenGenerator.swift */; };
		0EA97EC922221D5800668C04 /* CloseBracketsTokenGenerator.swift in Sources */ = {isa = PBXBuildFile; fileRef = 0EA97EC822221D5800668C04 /* CloseBracketsTokenGenerator.swift */; };
		0EA97ECB22221DF200668C04 /* OpenGenericTokenGenerator.swift in Sources */ = {isa = PBXBuildFile; fileRef = 0EA97ECA22221DF200668C04 /* OpenGenericTokenGenerator.swift */; };
		0EA97ECD22221E3900668C04 /* CloseGenericTokenGenerator.swift in Sources */ = {isa = PBXBuildFile; fileRef = 0EA97ECC22221E3900668C04 /* CloseGenericTokenGenerator.swift */; };
		0EA97ECF22221F4400668C04 /* CommaTokenGenerator.swift in Sources */ = {isa = PBXBuildFile; fileRef = 0EA97ECE22221F4400668C04 /* CommaTokenGenerator.swift */; };
		0EA97ED122221FFA00668C04 /* DotTokenGenerator.swift in Sources */ = {isa = PBXBuildFile; fileRef = 0EA97ED022221FFA00668C04 /* DotTokenGenerator.swift */; };
		0EA97ED32222204A00668C04 /* ColonTokenGenerator.swift in Sources */ = {isa = PBXBuildFile; fileRef = 0EA97ED22222204A00668C04 /* ColonTokenGenerator.swift */; };
		0EA97ED52222207C00668C04 /* SemiColonTokenGenerator.swift in Sources */ = {isa = PBXBuildFile; fileRef = 0EA97ED42222207C00668C04 /* SemiColonTokenGenerator.swift */; };
		0EA97ED72222215000668C04 /* TupleSeparatorTokenGenerator.swift in Sources */ = {isa = PBXBuildFile; fileRef = 0EA97ED62222215000668C04 /* TupleSeparatorTokenGenerator.swift */; };
		0EA97ED92222219B00668C04 /* UnderscoreTokenGenerator.swift in Sources */ = {isa = PBXBuildFile; fileRef = 0EA97ED82222219B00668C04 /* UnderscoreTokenGenerator.swift */; };
		0EA97EDB222221D100668C04 /* IfTokenGenerator.swift in Sources */ = {isa = PBXBuildFile; fileRef = 0EA97EDA222221D100668C04 /* IfTokenGenerator.swift */; };
		0EA97EDD2222221A00668C04 /* ElseTokenGenerator.swift in Sources */ = {isa = PBXBuildFile; fileRef = 0EA97EDC2222221A00668C04 /* ElseTokenGenerator.swift */; };
		0EA97EDF2222226900668C04 /* MatchTokenGenerator.swift in Sources */ = {isa = PBXBuildFile; fileRef = 0EA97EDE2222226900668C04 /* MatchTokenGenerator.swift */; };
		0EA97EE1222222A300668C04 /* WithTokenGenerator.swift in Sources */ = {isa = PBXBuildFile; fileRef = 0EA97EE0222222A300668C04 /* WithTokenGenerator.swift */; };
		0EA97EE32222232D00668C04 /* ArrowTokenGenerator.swift in Sources */ = {isa = PBXBuildFile; fileRef = 0EA97EE22222232D00668C04 /* ArrowTokenGenerator.swift */; };
		0EA97EE52222238E00668C04 /* CaseTokenGenerator.swift in Sources */ = {isa = PBXBuildFile; fileRef = 0EA97EE42222238E00668C04 /* CaseTokenGenerator.swift */; };
		0EA97EE7222223D800668C04 /* IdentifierTokenGenerator.swift in Sources */ = {isa = PBXBuildFile; fileRef = 0EA97EE6222223D800668C04 /* IdentifierTokenGenerator.swift */; };
		0EA97EE92222242500668C04 /* NumberTokenGenerator.swift in Sources */ = {isa = PBXBuildFile; fileRef = 0EA97EE82222242500668C04 /* NumberTokenGenerator.swift */; };
		0EA97EED222224B400668C04 /* OperatorTokenGenerator.swift in Sources */ = {isa = PBXBuildFile; fileRef = 0EA97EEC222224B400668C04 /* OperatorTokenGenerator.swift */; };
		0EA97EEF2222264700668C04 /* EqualsTokenGenerator.swift in Sources */ = {isa = PBXBuildFile; fileRef = 0EA97EEE2222264700668C04 /* EqualsTokenGenerator.swift */; };
		0EA97EF12222276700668C04 /* Lexer.swift in Sources */ = {isa = PBXBuildFile; fileRef = 0EA97EF02222276700668C04 /* Lexer.swift */; };
		0EA97EF322222E5D00668C04 /* Parser.swift in Sources */ = {isa = PBXBuildFile; fileRef = 0EA97EF222222E5D00668C04 /* Parser.swift */; };
		0EA97EF522222EAC00668C04 /* ParserOutput.swift in Sources */ = {isa = PBXBuildFile; fileRef = 0EA97EF422222EAC00668C04 /* ParserOutput.swift */; };
		0EA97EF722222F1800668C04 /* AnyParser.swift in Sources */ = {isa = PBXBuildFile; fileRef = 0EA97EF622222F1800668C04 /* AnyParser.swift */; };
		0EA97EF922222FB400668C04 /* Parser+Map.swift in Sources */ = {isa = PBXBuildFile; fileRef = 0EA97EF822222FB400668C04 /* Parser+Map.swift */; };
		0EA97EFB2222309A00668C04 /* DelegatedParser.swift in Sources */ = {isa = PBXBuildFile; fileRef = 0EA97EFA2222309A00668C04 /* DelegatedParser.swift */; };
		0EA97EFD2222312700668C04 /* Parser+And.swift in Sources */ = {isa = PBXBuildFile; fileRef = 0EA97EFC2222312700668C04 /* Parser+And.swift */; };
		0EA97EFF2222321800668C04 /* Parser+Or.swift in Sources */ = {isa = PBXBuildFile; fileRef = 0EA97EFE2222321800668C04 /* Parser+Or.swift */; };
		0EA97F01222232AD00668C04 /* SingleTokenParser.swift in Sources */ = {isa = PBXBuildFile; fileRef = 0EA97F00222232AD00668C04 /* SingleTokenParser.swift */; };
		0EA97F032222336400668C04 /* TokenParser.swift in Sources */ = {isa = PBXBuildFile; fileRef = 0EA97F022222336400668C04 /* TokenParser.swift */; };
		0EA97F052222344C00668C04 /* IdentifierParser.swift in Sources */ = {isa = PBXBuildFile; fileRef = 0EA97F042222344C00668C04 /* IdentifierParser.swift */; };
		0EA97F07222234B000668C04 /* OperatorParser.swift in Sources */ = {isa = PBXBuildFile; fileRef = 0EA97F06222234B000668C04 /* OperatorParser.swift */; };
		0EA97F092222352400668C04 /* NumberParser.swift in Sources */ = {isa = PBXBuildFile; fileRef = 0EA97F082222352400668C04 /* NumberParser.swift */; };
		0EA97F0D222235AA00668C04 /* Value.swift in Sources */ = {isa = PBXBuildFile; fileRef = 0EA97F0C222235AA00668C04 /* Value.swift */; };
		0EA97F0F222235FB00668C04 /* TypeSignature.swift in Sources */ = {isa = PBXBuildFile; fileRef = 0EA97F0E222235FB00668C04 /* TypeSignature.swift */; };
		0EA97F112222367B00668C04 /* TypeDefinition.swift in Sources */ = {isa = PBXBuildFile; fileRef = 0EA97F102222367B00668C04 /* TypeDefinition.swift */; };
		0EA97F13222236B400668C04 /* FunctionSignature.swift in Sources */ = {isa = PBXBuildFile; fileRef = 0EA97F12222236B400668C04 /* FunctionSignature.swift */; };
		0EA97F15222236D100668C04 /* FunctionBody.swift in Sources */ = {isa = PBXBuildFile; fileRef = 0EA97F14222236D100668C04 /* FunctionBody.swift */; };
		0EA97F17222236FD00668C04 /* PatternMatching.swift in Sources */ = {isa = PBXBuildFile; fileRef = 0EA97F16222236FD00668C04 /* PatternMatching.swift */; };
		0EA97F19222237F500668C04 /* TypeIdentifier.swift in Sources */ = {isa = PBXBuildFile; fileRef = 0EA97F18222237F500668C04 /* TypeIdentifier.swift */; };
		0EA97F1B2222388000668C04 /* MethodDefinition.swift in Sources */ = {isa = PBXBuildFile; fileRef = 0EA97F1A2222388000668C04 /* MethodDefinition.swift */; };
		0EA97F1D2222392700668C04 /* ConstantDefinition.swift in Sources */ = {isa = PBXBuildFile; fileRef = 0EA97F1C2222392700668C04 /* ConstantDefinition.swift */; };
		0EA97F212222399700668C04 /* Value+Parsable.swift in Sources */ = {isa = PBXBuildFile; fileRef = 0EA97F202222399700668C04 /* Value+Parsable.swift */; };
		0EA97F232222399E00668C04 /* FunctionBody+Parsable.swift in Sources */ = {isa = PBXBuildFile; fileRef = 0EA97F222222399E00668C04 /* FunctionBody+Parsable.swift */; };
		0EA97F25222239BB00668C04 /* PatternMatching+Parsable.swift in Sources */ = {isa = PBXBuildFile; fileRef = 0EA97F24222239BB00668C04 /* PatternMatching+Parsable.swift */; };
		0EA97F27222239C800668C04 /* TypeIdentifier+Parsable.swift in Sources */ = {isa = PBXBuildFile; fileRef = 0EA97F26222239C800668C04 /* TypeIdentifier+Parsable.swift */; };
		0EA97F29222239D300668C04 /* Parser+Optional.swift in Sources */ = {isa = PBXBuildFile; fileRef = 0EA97F28222239D300668C04 /* Parser+Optional.swift */; };
		0EA97F2B22223AA100668C04 /* Generics+Parsable.swift in Sources */ = {isa = PBXBuildFile; fileRef = 0EA97F2A22223AA100668C04 /* Generics+Parsable.swift */; };
		0EA97F2D22223ADA00668C04 /* Parser+Repeating.swift in Sources */ = {isa = PBXBuildFile; fileRef = 0EA97F2C22223ADA00668C04 /* Parser+Repeating.swift */; };
		0EA97F332222410F00668C04 /* Dictionary+Parsable.swift in Sources */ = {isa = PBXBuildFile; fileRef = 0EA97F322222410F00668C04 /* Dictionary+Parsable.swift */; };
		0EA97F382222421C00668C04 /* TypeSignature+Parsable.swift in Sources */ = {isa = PBXBuildFile; fileRef = 0EA97F372222421C00668C04 /* TypeSignature+Parsable.swift */; };
		0EA97F3A2222443000668C04 /* TypeDefinition+Parsable.swift in Sources */ = {isa = PBXBuildFile; fileRef = 0EA97F392222443000668C04 /* TypeDefinition+Parsable.swift */; };
		0EA97F3C2222491200668C04 /* TypeSignature+Or+Parsable.swift in Sources */ = {isa = PBXBuildFile; fileRef = 0EA97F3B2222491200668C04 /* TypeSignature+Or+Parsable.swift */; };
		0EA97F3E22224A7E00668C04 /* TypeSignature+Tuple+Parsable.swift in Sources */ = {isa = PBXBuildFile; fileRef = 0EA97F3D22224A7E00668C04 /* TypeSignature+Tuple+Parsable.swift */; };
		0EA97F4222224E3900668C04 /* ConstantDefinition+Parsable.swift in Sources */ = {isa = PBXBuildFile; fileRef = 0EA97F4122224E3900668C04 /* ConstantDefinition+Parsable.swift */; };
		0EA97F4422224E6800668C04 /* MethodDefinition+Parsable.swift in Sources */ = {isa = PBXBuildFile; fileRef = 0EA97F4322224E6800668C04 /* MethodDefinition+Parsable.swift */; };
		0EA97F4A2222522500668C04 /* PatternMatching+Case+Parsable.swift in Sources */ = {isa = PBXBuildFile; fileRef = 0EA97F492222522500668C04 /* PatternMatching+Case+Parsable.swift */; };
		0EA97F4C2222542700668C04 /* FunctionBody+IfElse+Parsable.swift in Sources */ = {isa = PBXBuildFile; fileRef = 0EA97F4B2222542700668C04 /* FunctionBody+IfElse+Parsable.swift */; };
		0EA97F4E2222552100668C04 /* FunctionBody+Chained+Parsable.swift in Sources */ = {isa = PBXBuildFile; fileRef = 0EA97F4D2222552100668C04 /* FunctionBody+Chained+Parsable.swift */; };
		0EA97F50222256A100668C04 /* FunctionSignature+Parsable.swift in Sources */ = {isa = PBXBuildFile; fileRef = 0EA97F4F222256A100668C04 /* FunctionSignature+Parsable.swift */; };
		0EA97F52222256D400668C04 /* FunctionSignature+Argument+Parsable.swift in Sources */ = {isa = PBXBuildFile; fileRef = 0EA97F51222256D400668C04 /* FunctionSignature+Argument+Parsable.swift */; };
		0EA97F542222C41900668C04 /* Parser+Wrapped.swift in Sources */ = {isa = PBXBuildFile; fileRef = 0EA97F532222C41900668C04 /* Parser+Wrapped.swift */; };
		0EA97F562222C4F400668C04 /* Parser+Recursive.swift in Sources */ = {isa = PBXBuildFile; fileRef = 0EA97F552222C4F400668C04 /* Parser+Recursive.swift */; };
		0EA97F582222CB8000668C04 /* Parsable.swift in Sources */ = {isa = PBXBuildFile; fileRef = 0EA97F572222CB8000668C04 /* Parsable.swift */; };
		0EA97F5A2222D35000668C04 /* Generics.swift in Sources */ = {isa = PBXBuildFile; fileRef = 0EA97F592222D35000668C04 /* Generics.swift */; };
		0EA97F5C2222DBE700668C04 /* Value+Operation+Parsable.swift in Sources */ = {isa = PBXBuildFile; fileRef = 0EA97F5B2222DBE700668C04 /* Value+Operation+Parsable.swift */; };
		0EA97F5E2222DC9600668C04 /* Value+Function+Parsable.swift in Sources */ = {isa = PBXBuildFile; fileRef = 0EA97F5D2222DC9600668C04 /* Value+Function+Parsable.swift */; };
		0EA97F602222DD2100668C04 /* Value+FunctionCall+Parsable.swift in Sources */ = {isa = PBXBuildFile; fileRef = 0EA97F5F2222DD2100668C04 /* Value+FunctionCall+Parsable.swift */; };
		0EA97F622222DFB900668C04 /* Value+MemberCall+Parsable.swift in Sources */ = {isa = PBXBuildFile; fileRef = 0EA97F612222DFB900668C04 /* Value+MemberCall+Parsable.swift */; };
		0EA97F662222F6BF00668C04 /* Expression.swift in Sources */ = {isa = PBXBuildFile; fileRef = 0EA97F652222F6BF00668C04 /* Expression.swift */; };
		0EA97F682222F72100668C04 /* Expression+Parsable.swift in Sources */ = {isa = PBXBuildFile; fileRef = 0EA97F672222F72100668C04 /* Expression+Parsable.swift */; };
		0EA97F6A222355D300668C04 /* VoidParser.swift in Sources */ = {isa = PBXBuildFile; fileRef = 0EA97F69222355D300668C04 /* VoidParser.swift */; };
		0EA97F6C222374C000668C04 /* Value+Tuple+Parsable.swift in Sources */ = {isa = PBXBuildFile; fileRef = 0EA97F6B222374C000668C04 /* Value+Tuple+Parsable.swift */; };
		0EA97F6E22237CE800668C04 /* StringTokenGenerator.swift in Sources */ = {isa = PBXBuildFile; fileRef = 0EA97F6D22237CE800668C04 /* StringTokenGenerator.swift */; };
		0EA97F7022237DDC00668C04 /* StringParser.swift in Sources */ = {isa = PBXBuildFile; fileRef = 0EA97F6F22237DDC00668C04 /* StringParser.swift */; };
/* End PBXBuildFile section */

/* Begin PBXFileReference section */
		0E1916C122245F1200D12286 /* FunctionSignature+Argument+Identifier+Parsable.swift */ = {isa = PBXFileReference; lastKnownFileType = sourcecode.swift; path = "FunctionSignature+Argument+Identifier+Parsable.swift"; sourceTree = "<group>"; };
		0E1916C322245F2F00D12286 /* FunctionSignature+Arguments+Parsable.swift */ = {isa = PBXFileReference; lastKnownFileType = sourcecode.swift; path = "FunctionSignature+Arguments+Parsable.swift"; sourceTree = "<group>"; };
		0E1916C522245F5700D12286 /* MethodDefinition+Target+Parsable.swift */ = {isa = PBXFileReference; lastKnownFileType = sourcecode.swift; path = "MethodDefinition+Target+Parsable.swift"; sourceTree = "<group>"; };
		0E1916C722245F9900D12286 /* PatternMatching+Case+Match+Parsable.swift */ = {isa = PBXFileReference; lastKnownFileType = sourcecode.swift; path = "PatternMatching+Case+Match+Parsable.swift"; sourceTree = "<group>"; };
		0E1916C922245FD900D12286 /* Value+FunctionCall+Argument+Parsable.swift */ = {isa = PBXFileReference; lastKnownFileType = sourcecode.swift; path = "Value+FunctionCall+Argument+Parsable.swift"; sourceTree = "<group>"; };
		0E1916CB22245FE900D12286 /* Value+FunctionCall+Arguments+Parsable.swift */ = {isa = PBXFileReference; lastKnownFileType = sourcecode.swift; path = "Value+FunctionCall+Arguments+Parsable.swift"; sourceTree = "<group>"; };
		0E1916CD2224601100D12286 /* Value+MembetCall+Selector+Parsable.swift */ = {isa = PBXFileReference; lastKnownFileType = sourcecode.swift; path = "Value+MembetCall+Selector+Parsable.swift"; sourceTree = "<group>"; };
		0E1916D1222466A800D12286 /* Optional+Parsable.swift */ = {isa = PBXFileReference; lastKnownFileType = sourcecode.swift; path = "Optional+Parsable.swift"; sourceTree = "<group>"; };
		0E1916D3222466B700D12286 /* Array+Parsable.swift */ = {isa = PBXFileReference; lastKnownFileType = sourcecode.swift; path = "Array+Parsable.swift"; sourceTree = "<group>"; };
		0E1916D5222466CE00D12286 /* Parsable+Indirect.swift */ = {isa = PBXFileReference; lastKnownFileType = sourcecode.swift; path = "Parsable+Indirect.swift"; sourceTree = "<group>"; };
		0E1916D7222466E000D12286 /* Parsable+Init.swift */ = {isa = PBXFileReference; lastKnownFileType = sourcecode.swift; path = "Parsable+Init.swift"; sourceTree = "<group>"; };
		0E1916DB2224671B00D12286 /* Parser+AnyParser.swift */ = {isa = PBXFileReference; lastKnownFileType = sourcecode.swift; path = "Parser+AnyParser.swift"; sourceTree = "<group>"; };
		0EA97E98222214B200668C04 /* Llama.app */ = {isa = PBXFileReference; explicitFileType = wrapper.application; includeInIndex = 0; path = Llama.app; sourceTree = BUILT_PRODUCTS_DIR; };
		0EA97E9B222214B200668C04 /* AppDelegate.swift */ = {isa = PBXFileReference; lastKnownFileType = sourcecode.swift; path = AppDelegate.swift; sourceTree = "<group>"; };
		0EA97E9D222214B200668C04 /* ViewController.swift */ = {isa = PBXFileReference; lastKnownFileType = sourcecode.swift; path = ViewController.swift; sourceTree = "<group>"; };
		0EA97EA0222214B200668C04 /* Base */ = {isa = PBXFileReference; lastKnownFileType = file.storyboard; name = Base; path = Base.lproj/Main.storyboard; sourceTree = "<group>"; };
		0EA97EA2222214B300668C04 /* Assets.xcassets */ = {isa = PBXFileReference; lastKnownFileType = folder.assetcatalog; path = Assets.xcassets; sourceTree = "<group>"; };
		0EA97EA5222214B300668C04 /* Base */ = {isa = PBXFileReference; lastKnownFileType = file.storyboard; name = Base; path = Base.lproj/LaunchScreen.storyboard; sourceTree = "<group>"; };
		0EA97EA7222214B300668C04 /* Info.plist */ = {isa = PBXFileReference; lastKnownFileType = text.plist.xml; path = Info.plist; sourceTree = "<group>"; };
		0EA97EAF2222151300668C04 /* Token.swift */ = {isa = PBXFileReference; lastKnownFileType = sourcecode.swift; path = Token.swift; sourceTree = "<group>"; };
		0EA97EB1222216AA00668C04 /* TokenGenerator.swift */ = {isa = PBXFileReference; lastKnownFileType = sourcecode.swift; path = TokenGenerator.swift; sourceTree = "<group>"; };
		0EA97EB3222216CA00668C04 /* GeneratedToken.swift */ = {isa = PBXFileReference; lastKnownFileType = sourcecode.swift; path = GeneratedToken.swift; sourceTree = "<group>"; };
		0EA97EB52222172A00668C04 /* RegexTokenGenerator.swift */ = {isa = PBXFileReference; lastKnownFileType = sourcecode.swift; path = RegexTokenGenerator.swift; sourceTree = "<group>"; };
		0EA97EB7222217D300668C04 /* Swift+Range.swift */ = {isa = PBXFileReference; lastKnownFileType = sourcecode.swift; path = "Swift+Range.swift"; sourceTree = "<group>"; };
		0EA97EB9222219FE00668C04 /* Array+TokenGenerator.swift */ = {isa = PBXFileReference; lastKnownFileType = sourcecode.swift; path = "Array+TokenGenerator.swift"; sourceTree = "<group>"; };
		0EA97EBC22221AF600668C04 /* EmptyContentTokenGenerator.swift */ = {isa = PBXFileReference; lastKnownFileType = sourcecode.swift; path = EmptyContentTokenGenerator.swift; sourceTree = "<group>"; };
		0EA97EBE22221BA100668C04 /* TypeDefinitionTokenGenerator.swift */ = {isa = PBXFileReference; lastKnownFileType = sourcecode.swift; path = TypeDefinitionTokenGenerator.swift; sourceTree = "<group>"; };
		0EA97EC022221C1700668C04 /* OpenParenthesisTokenGenerator.swift */ = {isa = PBXFileReference; lastKnownFileType = sourcecode.swift; path = OpenParenthesisTokenGenerator.swift; sourceTree = "<group>"; };
		0EA97EC222221C3600668C04 /* CloseParenthesisTokenGenerator.swift */ = {isa = PBXFileReference; lastKnownFileType = sourcecode.swift; path = CloseParenthesisTokenGenerator.swift; sourceTree = "<group>"; };
		0EA97EC422221C6300668C04 /* ConstantDefinitionTokenGenerator.swift */ = {isa = PBXFileReference; lastKnownFileType = sourcecode.swift; path = ConstantDefinitionTokenGenerator.swift; sourceTree = "<group>"; };
		0EA97EC622221CFF00668C04 /* OpenBracketsTokenGenerator.swift */ = {isa = PBXFileReference; lastKnownFileType = sourcecode.swift; path = OpenBracketsTokenGenerator.swift; sourceTree = "<group>"; };
		0EA97EC822221D5800668C04 /* CloseBracketsTokenGenerator.swift */ = {isa = PBXFileReference; lastKnownFileType = sourcecode.swift; path = CloseBracketsTokenGenerator.swift; sourceTree = "<group>"; };
		0EA97ECA22221DF200668C04 /* OpenGenericTokenGenerator.swift */ = {isa = PBXFileReference; lastKnownFileType = sourcecode.swift; path = OpenGenericTokenGenerator.swift; sourceTree = "<group>"; };
		0EA97ECC22221E3900668C04 /* CloseGenericTokenGenerator.swift */ = {isa = PBXFileReference; lastKnownFileType = sourcecode.swift; path = CloseGenericTokenGenerator.swift; sourceTree = "<group>"; };
		0EA97ECE22221F4400668C04 /* CommaTokenGenerator.swift */ = {isa = PBXFileReference; lastKnownFileType = sourcecode.swift; path = CommaTokenGenerator.swift; sourceTree = "<group>"; };
		0EA97ED022221FFA00668C04 /* DotTokenGenerator.swift */ = {isa = PBXFileReference; lastKnownFileType = sourcecode.swift; path = DotTokenGenerator.swift; sourceTree = "<group>"; };
		0EA97ED22222204A00668C04 /* ColonTokenGenerator.swift */ = {isa = PBXFileReference; lastKnownFileType = sourcecode.swift; path = ColonTokenGenerator.swift; sourceTree = "<group>"; };
		0EA97ED42222207C00668C04 /* SemiColonTokenGenerator.swift */ = {isa = PBXFileReference; lastKnownFileType = sourcecode.swift; path = SemiColonTokenGenerator.swift; sourceTree = "<group>"; };
		0EA97ED62222215000668C04 /* TupleSeparatorTokenGenerator.swift */ = {isa = PBXFileReference; lastKnownFileType = sourcecode.swift; path = TupleSeparatorTokenGenerator.swift; sourceTree = "<group>"; };
		0EA97ED82222219B00668C04 /* UnderscoreTokenGenerator.swift */ = {isa = PBXFileReference; lastKnownFileType = sourcecode.swift; path = UnderscoreTokenGenerator.swift; sourceTree = "<group>"; };
		0EA97EDA222221D100668C04 /* IfTokenGenerator.swift */ = {isa = PBXFileReference; lastKnownFileType = sourcecode.swift; path = IfTokenGenerator.swift; sourceTree = "<group>"; };
		0EA97EDC2222221A00668C04 /* ElseTokenGenerator.swift */ = {isa = PBXFileReference; lastKnownFileType = sourcecode.swift; path = ElseTokenGenerator.swift; sourceTree = "<group>"; };
		0EA97EDE2222226900668C04 /* MatchTokenGenerator.swift */ = {isa = PBXFileReference; lastKnownFileType = sourcecode.swift; path = MatchTokenGenerator.swift; sourceTree = "<group>"; };
		0EA97EE0222222A300668C04 /* WithTokenGenerator.swift */ = {isa = PBXFileReference; lastKnownFileType = sourcecode.swift; path = WithTokenGenerator.swift; sourceTree = "<group>"; };
		0EA97EE22222232D00668C04 /* ArrowTokenGenerator.swift */ = {isa = PBXFileReference; lastKnownFileType = sourcecode.swift; path = ArrowTokenGenerator.swift; sourceTree = "<group>"; };
		0EA97EE42222238E00668C04 /* CaseTokenGenerator.swift */ = {isa = PBXFileReference; lastKnownFileType = sourcecode.swift; path = CaseTokenGenerator.swift; sourceTree = "<group>"; };
		0EA97EE6222223D800668C04 /* IdentifierTokenGenerator.swift */ = {isa = PBXFileReference; lastKnownFileType = sourcecode.swift; path = IdentifierTokenGenerator.swift; sourceTree = "<group>"; };
		0EA97EE82222242500668C04 /* NumberTokenGenerator.swift */ = {isa = PBXFileReference; lastKnownFileType = sourcecode.swift; path = NumberTokenGenerator.swift; sourceTree = "<group>"; };
		0EA97EEC222224B400668C04 /* OperatorTokenGenerator.swift */ = {isa = PBXFileReference; lastKnownFileType = sourcecode.swift; path = OperatorTokenGenerator.swift; sourceTree = "<group>"; };
		0EA97EEE2222264700668C04 /* EqualsTokenGenerator.swift */ = {isa = PBXFileReference; lastKnownFileType = sourcecode.swift; path = EqualsTokenGenerator.swift; sourceTree = "<group>"; };
		0EA97EF02222276700668C04 /* Lexer.swift */ = {isa = PBXFileReference; lastKnownFileType = sourcecode.swift; path = Lexer.swift; sourceTree = "<group>"; };
		0EA97EF222222E5D00668C04 /* Parser.swift */ = {isa = PBXFileReference; lastKnownFileType = sourcecode.swift; path = Parser.swift; sourceTree = "<group>"; };
		0EA97EF422222EAC00668C04 /* ParserOutput.swift */ = {isa = PBXFileReference; lastKnownFileType = sourcecode.swift; path = ParserOutput.swift; sourceTree = "<group>"; };
		0EA97EF622222F1800668C04 /* AnyParser.swift */ = {isa = PBXFileReference; lastKnownFileType = sourcecode.swift; path = AnyParser.swift; sourceTree = "<group>"; };
		0EA97EF822222FB400668C04 /* Parser+Map.swift */ = {isa = PBXFileReference; lastKnownFileType = sourcecode.swift; path = "Parser+Map.swift"; sourceTree = "<group>"; };
		0EA97EFA2222309A00668C04 /* DelegatedParser.swift */ = {isa = PBXFileReference; lastKnownFileType = sourcecode.swift; path = DelegatedParser.swift; sourceTree = "<group>"; };
		0EA97EFC2222312700668C04 /* Parser+And.swift */ = {isa = PBXFileReference; lastKnownFileType = sourcecode.swift; path = "Parser+And.swift"; sourceTree = "<group>"; };
		0EA97EFE2222321800668C04 /* Parser+Or.swift */ = {isa = PBXFileReference; lastKnownFileType = sourcecode.swift; path = "Parser+Or.swift"; sourceTree = "<group>"; };
		0EA97F00222232AD00668C04 /* SingleTokenParser.swift */ = {isa = PBXFileReference; lastKnownFileType = sourcecode.swift; path = SingleTokenParser.swift; sourceTree = "<group>"; };
		0EA97F022222336400668C04 /* TokenParser.swift */ = {isa = PBXFileReference; lastKnownFileType = sourcecode.swift; path = TokenParser.swift; sourceTree = "<group>"; };
		0EA97F042222344C00668C04 /* IdentifierParser.swift */ = {isa = PBXFileReference; lastKnownFileType = sourcecode.swift; path = IdentifierParser.swift; sourceTree = "<group>"; };
		0EA97F06222234B000668C04 /* OperatorParser.swift */ = {isa = PBXFileReference; lastKnownFileType = sourcecode.swift; path = OperatorParser.swift; sourceTree = "<group>"; };
		0EA97F082222352400668C04 /* NumberParser.swift */ = {isa = PBXFileReference; lastKnownFileType = sourcecode.swift; path = NumberParser.swift; sourceTree = "<group>"; };
		0EA97F0C222235AA00668C04 /* Value.swift */ = {isa = PBXFileReference; lastKnownFileType = sourcecode.swift; path = Value.swift; sourceTree = "<group>"; };
		0EA97F0E222235FB00668C04 /* TypeSignature.swift */ = {isa = PBXFileReference; lastKnownFileType = sourcecode.swift; path = TypeSignature.swift; sourceTree = "<group>"; };
		0EA97F102222367B00668C04 /* TypeDefinition.swift */ = {isa = PBXFileReference; lastKnownFileType = sourcecode.swift; path = TypeDefinition.swift; sourceTree = "<group>"; };
		0EA97F12222236B400668C04 /* FunctionSignature.swift */ = {isa = PBXFileReference; lastKnownFileType = sourcecode.swift; path = FunctionSignature.swift; sourceTree = "<group>"; };
		0EA97F14222236D100668C04 /* FunctionBody.swift */ = {isa = PBXFileReference; lastKnownFileType = sourcecode.swift; path = FunctionBody.swift; sourceTree = "<group>"; };
		0EA97F16222236FD00668C04 /* PatternMatching.swift */ = {isa = PBXFileReference; lastKnownFileType = sourcecode.swift; path = PatternMatching.swift; sourceTree = "<group>"; };
		0EA97F18222237F500668C04 /* TypeIdentifier.swift */ = {isa = PBXFileReference; lastKnownFileType = sourcecode.swift; path = TypeIdentifier.swift; sourceTree = "<group>"; };
		0EA97F1A2222388000668C04 /* MethodDefinition.swift */ = {isa = PBXFileReference; lastKnownFileType = sourcecode.swift; path = MethodDefinition.swift; sourceTree = "<group>"; };
		0EA97F1C2222392700668C04 /* ConstantDefinition.swift */ = {isa = PBXFileReference; lastKnownFileType = sourcecode.swift; path = ConstantDefinition.swift; sourceTree = "<group>"; };
		0EA97F202222399700668C04 /* Value+Parsable.swift */ = {isa = PBXFileReference; lastKnownFileType = sourcecode.swift; path = "Value+Parsable.swift"; sourceTree = "<group>"; };
		0EA97F222222399E00668C04 /* FunctionBody+Parsable.swift */ = {isa = PBXFileReference; lastKnownFileType = sourcecode.swift; path = "FunctionBody+Parsable.swift"; sourceTree = "<group>"; };
		0EA97F24222239BB00668C04 /* PatternMatching+Parsable.swift */ = {isa = PBXFileReference; lastKnownFileType = sourcecode.swift; path = "PatternMatching+Parsable.swift"; sourceTree = "<group>"; };
		0EA97F26222239C800668C04 /* TypeIdentifier+Parsable.swift */ = {isa = PBXFileReference; lastKnownFileType = sourcecode.swift; path = "TypeIdentifier+Parsable.swift"; sourceTree = "<group>"; };
		0EA97F28222239D300668C04 /* Parser+Optional.swift */ = {isa = PBXFileReference; lastKnownFileType = sourcecode.swift; path = "Parser+Optional.swift"; sourceTree = "<group>"; };
		0EA97F2A22223AA100668C04 /* Generics+Parsable.swift */ = {isa = PBXFileReference; lastKnownFileType = sourcecode.swift; path = "Generics+Parsable.swift"; sourceTree = "<group>"; };
		0EA97F2C22223ADA00668C04 /* Parser+Repeating.swift */ = {isa = PBXFileReference; lastKnownFileType = sourcecode.swift; path = "Parser+Repeating.swift"; sourceTree = "<group>"; };
		0EA97F322222410F00668C04 /* Dictionary+Parsable.swift */ = {isa = PBXFileReference; lastKnownFileType = sourcecode.swift; path = "Dictionary+Parsable.swift"; sourceTree = "<group>"; };
		0EA97F372222421C00668C04 /* TypeSignature+Parsable.swift */ = {isa = PBXFileReference; lastKnownFileType = sourcecode.swift; path = "TypeSignature+Parsable.swift"; sourceTree = "<group>"; };
		0EA97F392222443000668C04 /* TypeDefinition+Parsable.swift */ = {isa = PBXFileReference; lastKnownFileType = sourcecode.swift; path = "TypeDefinition+Parsable.swift"; sourceTree = "<group>"; };
		0EA97F3B2222491200668C04 /* TypeSignature+Or+Parsable.swift */ = {isa = PBXFileReference; lastKnownFileType = sourcecode.swift; path = "TypeSignature+Or+Parsable.swift"; sourceTree = "<group>"; };
		0EA97F3D22224A7E00668C04 /* TypeSignature+Tuple+Parsable.swift */ = {isa = PBXFileReference; lastKnownFileType = sourcecode.swift; path = "TypeSignature+Tuple+Parsable.swift"; sourceTree = "<group>"; };
		0EA97F4122224E3900668C04 /* ConstantDefinition+Parsable.swift */ = {isa = PBXFileReference; lastKnownFileType = sourcecode.swift; path = "ConstantDefinition+Parsable.swift"; sourceTree = "<group>"; };
		0EA97F4322224E6800668C04 /* MethodDefinition+Parsable.swift */ = {isa = PBXFileReference; lastKnownFileType = sourcecode.swift; path = "MethodDefinition+Parsable.swift"; sourceTree = "<group>"; };
		0EA97F492222522500668C04 /* PatternMatching+Case+Parsable.swift */ = {isa = PBXFileReference; lastKnownFileType = sourcecode.swift; path = "PatternMatching+Case+Parsable.swift"; sourceTree = "<group>"; };
		0EA97F4B2222542700668C04 /* FunctionBody+IfElse+Parsable.swift */ = {isa = PBXFileReference; lastKnownFileType = sourcecode.swift; path = "FunctionBody+IfElse+Parsable.swift"; sourceTree = "<group>"; };
		0EA97F4D2222552100668C04 /* FunctionBody+Chained+Parsable.swift */ = {isa = PBXFileReference; lastKnownFileType = sourcecode.swift; path = "FunctionBody+Chained+Parsable.swift"; sourceTree = "<group>"; };
		0EA97F4F222256A100668C04 /* FunctionSignature+Parsable.swift */ = {isa = PBXFileReference; lastKnownFileType = sourcecode.swift; path = "FunctionSignature+Parsable.swift"; sourceTree = "<group>"; };
		0EA97F51222256D400668C04 /* FunctionSignature+Argument+Parsable.swift */ = {isa = PBXFileReference; lastKnownFileType = sourcecode.swift; path = "FunctionSignature+Argument+Parsable.swift"; sourceTree = "<group>"; };
		0EA97F532222C41900668C04 /* Parser+Wrapped.swift */ = {isa = PBXFileReference; lastKnownFileType = sourcecode.swift; path = "Parser+Wrapped.swift"; sourceTree = "<group>"; };
		0EA97F552222C4F400668C04 /* Parser+Recursive.swift */ = {isa = PBXFileReference; lastKnownFileType = sourcecode.swift; path = "Parser+Recursive.swift"; sourceTree = "<group>"; };
		0EA97F572222CB8000668C04 /* Parsable.swift */ = {isa = PBXFileReference; lastKnownFileType = sourcecode.swift; path = Parsable.swift; sourceTree = "<group>"; };
		0EA97F592222D35000668C04 /* Generics.swift */ = {isa = PBXFileReference; lastKnownFileType = sourcecode.swift; path = Generics.swift; sourceTree = "<group>"; };
		0EA97F5B2222DBE700668C04 /* Value+Operation+Parsable.swift */ = {isa = PBXFileReference; lastKnownFileType = sourcecode.swift; path = "Value+Operation+Parsable.swift"; sourceTree = "<group>"; };
		0EA97F5D2222DC9600668C04 /* Value+Function+Parsable.swift */ = {isa = PBXFileReference; lastKnownFileType = sourcecode.swift; path = "Value+Function+Parsable.swift"; sourceTree = "<group>"; };
		0EA97F5F2222DD2100668C04 /* Value+FunctionCall+Parsable.swift */ = {isa = PBXFileReference; lastKnownFileType = sourcecode.swift; path = "Value+FunctionCall+Parsable.swift"; sourceTree = "<group>"; };
		0EA97F612222DFB900668C04 /* Value+MemberCall+Parsable.swift */ = {isa = PBXFileReference; lastKnownFileType = sourcecode.swift; path = "Value+MemberCall+Parsable.swift"; sourceTree = "<group>"; };
		0EA97F652222F6BF00668C04 /* Expression.swift */ = {isa = PBXFileReference; lastKnownFileType = sourcecode.swift; path = Expression.swift; sourceTree = "<group>"; };
		0EA97F672222F72100668C04 /* Expression+Parsable.swift */ = {isa = PBXFileReference; lastKnownFileType = sourcecode.swift; path = "Expression+Parsable.swift"; sourceTree = "<group>"; };
		0EA97F69222355D300668C04 /* VoidParser.swift */ = {isa = PBXFileReference; lastKnownFileType = sourcecode.swift; path = VoidParser.swift; sourceTree = "<group>"; };
		0EA97F6B222374C000668C04 /* Value+Tuple+Parsable.swift */ = {isa = PBXFileReference; lastKnownFileType = sourcecode.swift; path = "Value+Tuple+Parsable.swift"; sourceTree = "<group>"; };
		0EA97F6D22237CE800668C04 /* StringTokenGenerator.swift */ = {isa = PBXFileReference; lastKnownFileType = sourcecode.swift; path = StringTokenGenerator.swift; sourceTree = "<group>"; };
		0EA97F6F22237DDC00668C04 /* StringParser.swift */ = {isa = PBXFileReference; lastKnownFileType = sourcecode.swift; path = StringParser.swift; sourceTree = "<group>"; };
/* End PBXFileReference section */

/* Begin PBXFrameworksBuildPhase section */
		0EA97E95222214B200668C04 /* Frameworks */ = {
			isa = PBXFrameworksBuildPhase;
			buildActionMask = 2147483647;
			files = (
			);
			runOnlyForDeploymentPostprocessing = 0;
		};
/* End PBXFrameworksBuildPhase section */

/* Begin PBXGroup section */
		0E1916C022245EEB00D12286 /* FunctionSignature */ = {
			isa = PBXGroup;
			children = (
				0EA97F4F222256A100668C04 /* FunctionSignature+Parsable.swift */,
				0EA97F51222256D400668C04 /* FunctionSignature+Argument+Parsable.swift */,
				0E1916C122245F1200D12286 /* FunctionSignature+Argument+Identifier+Parsable.swift */,
				0E1916C322245F2F00D12286 /* FunctionSignature+Arguments+Parsable.swift */,
			);
			path = FunctionSignature;
			sourceTree = "<group>";
		};
		0E1916CF2224602100D12286 /* MemberCall */ = {
			isa = PBXGroup;
			children = (
				0EA97F612222DFB900668C04 /* Value+MemberCall+Parsable.swift */,
				0E1916CD2224601100D12286 /* Value+MembetCall+Selector+Parsable.swift */,
			);
			path = MemberCall;
			sourceTree = "<group>";
		};
		0E1916D02224602B00D12286 /* FunctionCall */ = {
			isa = PBXGroup;
			children = (
				0EA97F5F2222DD2100668C04 /* Value+FunctionCall+Parsable.swift */,
				0E1916C922245FD900D12286 /* Value+FunctionCall+Argument+Parsable.swift */,
				0E1916CB22245FE900D12286 /* Value+FunctionCall+Arguments+Parsable.swift */,
			);
			path = FunctionCall;
			sourceTree = "<group>";
		};
		0E1916D9222466FB00D12286 /* Parsable */ = {
			isa = PBXGroup;
			children = (
				0EA97F572222CB8000668C04 /* Parsable.swift */,
				0E1916D1222466A800D12286 /* Optional+Parsable.swift */,
				0E1916D3222466B700D12286 /* Array+Parsable.swift */,
				0EA97F322222410F00668C04 /* Dictionary+Parsable.swift */,
				0E1916D5222466CE00D12286 /* Parsable+Indirect.swift */,
				0E1916D7222466E000D12286 /* Parsable+Init.swift */,
			);
			path = Parsable;
			sourceTree = "<group>";
		};
		0E1916DA2224670500D12286 /* Type Ereasure */ = {
			isa = PBXGroup;
			children = (
				0EA97EF622222F1800668C04 /* AnyParser.swift */,
				0E1916DB2224671B00D12286 /* Parser+AnyParser.swift */,
			);
			path = "Type Ereasure";
			sourceTree = "<group>";
		};
		0E1916DD2224674C00D12286 /* Helper Protocols */ = {
			isa = PBXGroup;
			children = (
				0EA97EFA2222309A00668C04 /* DelegatedParser.swift */,
				0EA97F00222232AD00668C04 /* SingleTokenParser.swift */,
			);
			path = "Helper Protocols";
			sourceTree = "<group>";
		};
		0E1916DE2224676900D12286 /* Underlying Parsers */ = {
			isa = PBXGroup;
			children = (
				0EA97F022222336400668C04 /* TokenParser.swift */,
				0EA97F042222344C00668C04 /* IdentifierParser.swift */,
				0EA97F06222234B000668C04 /* OperatorParser.swift */,
				0EA97F082222352400668C04 /* NumberParser.swift */,
				0EA97F6F22237DDC00668C04 /* StringParser.swift */,
			);
			path = "Underlying Parsers";
			sourceTree = "<group>";
		};
		0E1916DF2224679800D12286 /* Operations */ = {
			isa = PBXGroup;
			children = (
				0E1916E0222467A300D12286 /* Combining */,
				0E1916E1222467B300D12286 /* Manipulating */,
			);
			path = Operations;
			sourceTree = "<group>";
		};
		0E1916E0222467A300D12286 /* Combining */ = {
			isa = PBXGroup;
			children = (
				0EA97EFC2222312700668C04 /* Parser+And.swift */,
				0EA97EFE2222321800668C04 /* Parser+Or.swift */,
			);
			path = Combining;
			sourceTree = "<group>";
		};
		0E1916E1222467B300D12286 /* Manipulating */ = {
			isa = PBXGroup;
			children = (
				0EA97EF822222FB400668C04 /* Parser+Map.swift */,
				0EA97F2C22223ADA00668C04 /* Parser+Repeating.swift */,
				0EA97F28222239D300668C04 /* Parser+Optional.swift */,
				0EA97F532222C41900668C04 /* Parser+Wrapped.swift */,
				0EA97F552222C4F400668C04 /* Parser+Recursive.swift */,
			);
			path = Manipulating;
			sourceTree = "<group>";
		};
		0EA97E8F222214B100668C04 = {
			isa = PBXGroup;
			children = (
				0EA97E9A222214B200668C04 /* Llama */,
				0EA97E99222214B200668C04 /* Products */,
			);
			sourceTree = "<group>";
		};
		0EA97E99222214B200668C04 /* Products */ = {
			isa = PBXGroup;
			children = (
				0EA97E98222214B200668C04 /* Llama.app */,
			);
			name = Products;
			sourceTree = "<group>";
		};
		0EA97E9A222214B200668C04 /* Llama */ = {
			isa = PBXGroup;
			children = (
				0EA97E9B222214B200668C04 /* AppDelegate.swift */,
				0EA97E9D222214B200668C04 /* ViewController.swift */,
				0EA97F0B2222359D00668C04 /* Model */,
				0EA97EAE2222150000668C04 /* Lexer */,
				0EA97EAD222214C600668C04 /* Parser */,
				0EA97E9F222214B200668C04 /* Main.storyboard */,
				0EA97EA2222214B300668C04 /* Assets.xcassets */,
				0EA97EA4222214B300668C04 /* LaunchScreen.storyboard */,
				0EA97EA7222214B300668C04 /* Info.plist */,
			);
			path = Llama;
			sourceTree = "<group>";
		};
		0EA97EAD222214C600668C04 /* Parser */ = {
			isa = PBXGroup;
			children = (
				0EA97F0A2222359100668C04 /* Protocols and Structure */,
				0EA97F3022223FC300668C04 /* Implementations */,
			);
			path = Parser;
			sourceTree = "<group>";
		};
		0EA97EAE2222150000668C04 /* Lexer */ = {
			isa = PBXGroup;
			children = (
				0EA97EF02222276700668C04 /* Lexer.swift */,
				0EA97EAF2222151300668C04 /* Token.swift */,
				0EA97EB3222216CA00668C04 /* GeneratedToken.swift */,
				0EA97EB1222216AA00668C04 /* TokenGenerator.swift */,
				0EA97EB9222219FE00668C04 /* Array+TokenGenerator.swift */,
				0EA97EB52222172A00668C04 /* RegexTokenGenerator.swift */,
				0EA97EB7222217D300668C04 /* Swift+Range.swift */,
				0EA97EBB22221AD500668C04 /* TokenGenerators */,
			);
			path = Lexer;
			sourceTree = "<group>";
		};
		0EA97EBB22221AD500668C04 /* TokenGenerators */ = {
			isa = PBXGroup;
			children = (
				0EA97EBC22221AF600668C04 /* EmptyContentTokenGenerator.swift */,
				0EA97EC022221C1700668C04 /* OpenParenthesisTokenGenerator.swift */,
				0EA97EC222221C3600668C04 /* CloseParenthesisTokenGenerator.swift */,
				0EA97EC622221CFF00668C04 /* OpenBracketsTokenGenerator.swift */,
				0EA97EC822221D5800668C04 /* CloseBracketsTokenGenerator.swift */,
				0EA97ECA22221DF200668C04 /* OpenGenericTokenGenerator.swift */,
				0EA97ECC22221E3900668C04 /* CloseGenericTokenGenerator.swift */,
				0EA97EEE2222264700668C04 /* EqualsTokenGenerator.swift */,
				0EA97ED62222215000668C04 /* TupleSeparatorTokenGenerator.swift */,
				0EA97ECE22221F4400668C04 /* CommaTokenGenerator.swift */,
				0EA97ED022221FFA00668C04 /* DotTokenGenerator.swift */,
				0EA97ED22222204A00668C04 /* ColonTokenGenerator.swift */,
				0EA97ED42222207C00668C04 /* SemiColonTokenGenerator.swift */,
				0EA97ED82222219B00668C04 /* UnderscoreTokenGenerator.swift */,
				0EA97EDA222221D100668C04 /* IfTokenGenerator.swift */,
				0EA97EDC2222221A00668C04 /* ElseTokenGenerator.swift */,
				0EA97EDE2222226900668C04 /* MatchTokenGenerator.swift */,
				0EA97EE0222222A300668C04 /* WithTokenGenerator.swift */,
				0EA97EE22222232D00668C04 /* ArrowTokenGenerator.swift */,
				0EA97EE42222238E00668C04 /* CaseTokenGenerator.swift */,
				0EA97EBE22221BA100668C04 /* TypeDefinitionTokenGenerator.swift */,
				0EA97EC422221C6300668C04 /* ConstantDefinitionTokenGenerator.swift */,
				0EA97EE6222223D800668C04 /* IdentifierTokenGenerator.swift */,
				0EA97EE82222242500668C04 /* NumberTokenGenerator.swift */,
				0EA97F6D22237CE800668C04 /* StringTokenGenerator.swift */,
				0EA97EEC222224B400668C04 /* OperatorTokenGenerator.swift */,
			);
			path = TokenGenerators;
			sourceTree = "<group>";
		};
		0EA97F0A2222359100668C04 /* Protocols and Structure */ = {
			isa = PBXGroup;
			children = (
				0EA97EF222222E5D00668C04 /* Parser.swift */,
				0EA97EF422222EAC00668C04 /* ParserOutput.swift */,
				0E1916DD2224674C00D12286 /* Helper Protocols */,
				0E1916DA2224670500D12286 /* Type Ereasure */,
				0E1916D9222466FB00D12286 /* Parsable */,
				0E1916DE2224676900D12286 /* Underlying Parsers */,
				0E1916DF2224679800D12286 /* Operations */,
			);
			path = "Protocols and Structure";
			sourceTree = "<group>";
		};
		0EA97F0B2222359D00668C04 /* Model */ = {
			isa = PBXGroup;
			children = (
				0EA97F0C222235AA00668C04 /* Value.swift */,
				0EA97F0E222235FB00668C04 /* TypeSignature.swift */,
				0EA97F18222237F500668C04 /* TypeIdentifier.swift */,
				0EA97F102222367B00668C04 /* TypeDefinition.swift */,
				0EA97F12222236B400668C04 /* FunctionSignature.swift */,
				0EA97F1A2222388000668C04 /* MethodDefinition.swift */,
				0EA97F14222236D100668C04 /* FunctionBody.swift */,
				0EA97F16222236FD00668C04 /* PatternMatching.swift */,
				0EA97F1C2222392700668C04 /* ConstantDefinition.swift */,
				0EA97F592222D35000668C04 /* Generics.swift */,
				0EA97F652222F6BF00668C04 /* Expression.swift */,
			);
			path = Model;
			sourceTree = "<group>";
		};
		0EA97F3022223FC300668C04 /* Implementations */ = {
			isa = PBXGroup;
			children = (
				0EA97F672222F72100668C04 /* Expression+Parsable.swift */,
				0EA97F4122224E3900668C04 /* ConstantDefinition+Parsable.swift */,
				0EA97F26222239C800668C04 /* TypeIdentifier+Parsable.swift */,
				0EA97F392222443000668C04 /* TypeDefinition+Parsable.swift */,
				0EA97F2A22223AA100668C04 /* Generics+Parsable.swift */,
				0EA97F69222355D300668C04 /* VoidParser.swift */,
				0EA97F4522224EA900668C04 /* Value */,
				0EA97F4622224EAF00668C04 /* FunctionBody */,
				0EA97F4722224EB800668C04 /* PatternMatching */,
				0EA97F4822224ECC00668C04 /* MethodDefinition */,
				0E1916C022245EEB00D12286 /* FunctionSignature */,
				0EA97F342222411400668C04 /* TypeSignature */,
			);
			path = Implementations;
			sourceTree = "<group>";
		};
		0EA97F342222411400668C04 /* TypeSignature */ = {
			isa = PBXGroup;
			children = (
				0EA97F372222421C00668C04 /* TypeSignature+Parsable.swift */,
				0EA97F3B2222491200668C04 /* TypeSignature+Or+Parsable.swift */,
				0EA97F3D22224A7E00668C04 /* TypeSignature+Tuple+Parsable.swift */,
			);
			path = TypeSignature;
			sourceTree = "<group>";
		};
		0EA97F4522224EA900668C04 /* Value */ = {
			isa = PBXGroup;
			children = (
				0EA97F202222399700668C04 /* Value+Parsable.swift */,
				0EA97F5B2222DBE700668C04 /* Value+Operation+Parsable.swift */,
				0EA97F5D2222DC9600668C04 /* Value+Function+Parsable.swift */,
				0EA97F6B222374C000668C04 /* Value+Tuple+Parsable.swift */,
				0E1916D02224602B00D12286 /* FunctionCall */,
				0E1916CF2224602100D12286 /* MemberCall */,
			);
			path = Value;
			sourceTree = "<group>";
		};
		0EA97F4622224EAF00668C04 /* FunctionBody */ = {
			isa = PBXGroup;
			children = (
				0EA97F222222399E00668C04 /* FunctionBody+Parsable.swift */,
				0EA97F4B2222542700668C04 /* FunctionBody+IfElse+Parsable.swift */,
				0EA97F4D2222552100668C04 /* FunctionBody+Chained+Parsable.swift */,
			);
			path = FunctionBody;
			sourceTree = "<group>";
		};
		0EA97F4722224EB800668C04 /* PatternMatching */ = {
			isa = PBXGroup;
			children = (
				0EA97F24222239BB00668C04 /* PatternMatching+Parsable.swift */,
				0EA97F492222522500668C04 /* PatternMatching+Case+Parsable.swift */,
				0E1916C722245F9900D12286 /* PatternMatching+Case+Match+Parsable.swift */,
			);
			path = PatternMatching;
			sourceTree = "<group>";
		};
		0EA97F4822224ECC00668C04 /* MethodDefinition */ = {
			isa = PBXGroup;
			children = (
				0EA97F4322224E6800668C04 /* MethodDefinition+Parsable.swift */,
				0E1916C522245F5700D12286 /* MethodDefinition+Target+Parsable.swift */,
			);
			path = MethodDefinition;
			sourceTree = "<group>";
		};
/* End PBXGroup section */

/* Begin PBXNativeTarget section */
		0EA97E97222214B200668C04 /* Llama */ = {
			isa = PBXNativeTarget;
			buildConfigurationList = 0EA97EAA222214B300668C04 /* Build configuration list for PBXNativeTarget "Llama" */;
			buildPhases = (
				0EA97E94222214B200668C04 /* Sources */,
				0EA97E95222214B200668C04 /* Frameworks */,
				0EA97E96222214B200668C04 /* Resources */,
			);
			buildRules = (
			);
			dependencies = (
			);
			name = Llama;
			productName = Llama;
			productReference = 0EA97E98222214B200668C04 /* Llama.app */;
			productType = "com.apple.product-type.application";
		};
/* End PBXNativeTarget section */

/* Begin PBXProject section */
		0EA97E90222214B200668C04 /* Project object */ = {
			isa = PBXProject;
			attributes = {
				LastSwiftUpdateCheck = 1010;
				LastUpgradeCheck = 1010;
				ORGANIZATIONNAME = "Mathias Quintero";
				TargetAttributes = {
					0EA97E97222214B200668C04 = {
						CreatedOnToolsVersion = 10.1;
					};
				};
			};
			buildConfigurationList = 0EA97E93222214B200668C04 /* Build configuration list for PBXProject "Llama" */;
			compatibilityVersion = "Xcode 9.3";
			developmentRegion = en;
			hasScannedForEncodings = 0;
			knownRegions = (
				en,
				Base,
			);
			mainGroup = 0EA97E8F222214B100668C04;
			productRefGroup = 0EA97E99222214B200668C04 /* Products */;
			projectDirPath = "";
			projectRoot = "";
			targets = (
				0EA97E97222214B200668C04 /* Llama */,
			);
		};
/* End PBXProject section */

/* Begin PBXResourcesBuildPhase section */
		0EA97E96222214B200668C04 /* Resources */ = {
			isa = PBXResourcesBuildPhase;
			buildActionMask = 2147483647;
			files = (
				0EA97EA6222214B300668C04 /* LaunchScreen.storyboard in Resources */,
				0EA97EA3222214B300668C04 /* Assets.xcassets in Resources */,
				0EA97EA1222214B200668C04 /* Main.storyboard in Resources */,
			);
			runOnlyForDeploymentPostprocessing = 0;
		};
/* End PBXResourcesBuildPhase section */

/* Begin PBXSourcesBuildPhase section */
		0EA97E94222214B200668C04 /* Sources */ = {
			isa = PBXSourcesBuildPhase;
			buildActionMask = 2147483647;
			files = (
				0EA97F232222399E00668C04 /* FunctionBody+Parsable.swift in Sources */,
				0EA97EB02222151300668C04 /* Token.swift in Sources */,
				0E1916C622245F5700D12286 /* MethodDefinition+Target+Parsable.swift in Sources */,
				0EA97F2B22223AA100668C04 /* Generics+Parsable.swift in Sources */,
				0EA97EF722222F1800668C04 /* AnyParser.swift in Sources */,
				0EA97F2D22223ADA00668C04 /* Parser+Repeating.swift in Sources */,
				0E1916D8222466E000D12286 /* Parsable+Init.swift in Sources */,
				0EA97F3E22224A7E00668C04 /* TypeSignature+Tuple+Parsable.swift in Sources */,
				0EA97F52222256D400668C04 /* FunctionSignature+Argument+Parsable.swift in Sources */,
				0EA97ECB22221DF200668C04 /* OpenGenericTokenGenerator.swift in Sources */,
				0EA97EC522221C6300668C04 /* ConstantDefinitionTokenGenerator.swift in Sources */,
				0EA97EBD22221AF600668C04 /* EmptyContentTokenGenerator.swift in Sources */,
				0EA97ED72222215000668C04 /* TupleSeparatorTokenGenerator.swift in Sources */,
				0EA97ED122221FFA00668C04 /* DotTokenGenerator.swift in Sources */,
				0E1916C222245F1200D12286 /* FunctionSignature+Argument+Identifier+Parsable.swift in Sources */,
				0EA97EE7222223D800668C04 /* IdentifierTokenGenerator.swift in Sources */,
				0EA97EF522222EAC00668C04 /* ParserOutput.swift in Sources */,
				0EA97E9E222214B200668C04 /* ViewController.swift in Sources */,
				0EA97EBA222219FE00668C04 /* Array+TokenGenerator.swift in Sources */,
				0EA97ECD22221E3900668C04 /* CloseGenericTokenGenerator.swift in Sources */,
				0EA97EF12222276700668C04 /* Lexer.swift in Sources */,
				0EA97F1D2222392700668C04 /* ConstantDefinition.swift in Sources */,
				0EA97F07222234B000668C04 /* OperatorParser.swift in Sources */,
				0EA97F25222239BB00668C04 /* PatternMatching+Parsable.swift in Sources */,
				0EA97F4222224E3900668C04 /* ConstantDefinition+Parsable.swift in Sources */,
				0EA97EFB2222309A00668C04 /* DelegatedParser.swift in Sources */,
				0EA97ED92222219B00668C04 /* UnderscoreTokenGenerator.swift in Sources */,
				0EA97F0D222235AA00668C04 /* Value.swift in Sources */,
				0EA97F50222256A100668C04 /* FunctionSignature+Parsable.swift in Sources */,
				0EA97F3C2222491200668C04 /* TypeSignature+Or+Parsable.swift in Sources */,
				0E1916D4222466B700D12286 /* Array+Parsable.swift in Sources */,
				0EA97EED222224B400668C04 /* OperatorTokenGenerator.swift in Sources */,
				0EA97EC122221C1700668C04 /* OpenParenthesisTokenGenerator.swift in Sources */,
				0EA97F052222344C00668C04 /* IdentifierParser.swift in Sources */,
				0EA97F682222F72100668C04 /* Expression+Parsable.swift in Sources */,
				0EA97F622222DFB900668C04 /* Value+MemberCall+Parsable.swift in Sources */,
				0EA97EE32222232D00668C04 /* ArrowTokenGenerator.swift in Sources */,
				0EA97F212222399700668C04 /* Value+Parsable.swift in Sources */,
				0EA97F4A2222522500668C04 /* PatternMatching+Case+Parsable.swift in Sources */,
				0EA97F17222236FD00668C04 /* PatternMatching.swift in Sources */,
				0EA97F6E22237CE800668C04 /* StringTokenGenerator.swift in Sources */,
				0EA97F6C222374C000668C04 /* Value+Tuple+Parsable.swift in Sources */,
				0E1916DC2224671B00D12286 /* Parser+AnyParser.swift in Sources */,
				0EA97EEF2222264700668C04 /* EqualsTokenGenerator.swift in Sources */,
				0EA97EBF22221BA100668C04 /* TypeDefinitionTokenGenerator.swift in Sources */,
				0EA97F5E2222DC9600668C04 /* Value+Function+Parsable.swift in Sources */,
				0EA97F382222421C00668C04 /* TypeSignature+Parsable.swift in Sources */,
				0EA97F032222336400668C04 /* TokenParser.swift in Sources */,
				0E1916D2222466A800D12286 /* Optional+Parsable.swift in Sources */,
				0EA97F5A2222D35000668C04 /* Generics.swift in Sources */,
				0EA97F13222236B400668C04 /* FunctionSignature.swift in Sources */,
				0EA97F4C2222542700668C04 /* FunctionBody+IfElse+Parsable.swift in Sources */,
				0EA97F1B2222388000668C04 /* MethodDefinition.swift in Sources */,
				0EA97EE92222242500668C04 /* NumberTokenGenerator.swift in Sources */,
				0EA97EB4222216CA00668C04 /* GeneratedToken.swift in Sources */,
				0EA97EFF2222321800668C04 /* Parser+Or.swift in Sources */,
				0EA97F662222F6BF00668C04 /* Expression.swift in Sources */,
				0EA97EF922222FB400668C04 /* Parser+Map.swift in Sources */,
				0EA97F6A222355D300668C04 /* VoidParser.swift in Sources */,
				0EA97F5C2222DBE700668C04 /* Value+Operation+Parsable.swift in Sources */,
				0EA97EC722221CFF00668C04 /* OpenBracketsTokenGenerator.swift in Sources */,
				0EA97F562222C4F400668C04 /* Parser+Recursive.swift in Sources */,
				0EA97EC922221D5800668C04 /* CloseBracketsTokenGenerator.swift in Sources */,
				0EA97EB62222172A00668C04 /* RegexTokenGenerator.swift in Sources */,
				0EA97F602222DD2100668C04 /* Value+FunctionCall+Parsable.swift in Sources */,
				0E1916CA22245FD900D12286 /* Value+FunctionCall+Argument+Parsable.swift in Sources */,
				0EA97F3A2222443000668C04 /* TypeDefinition+Parsable.swift in Sources */,
				0EA97EDB222221D100668C04 /* IfTokenGenerator.swift in Sources */,
				0EA97E9C222214B200668C04 /* AppDelegate.swift in Sources */,
				0E1916D6222466CE00D12286 /* Parsable+Indirect.swift in Sources */,
				0EA97F7022237DDC00668C04 /* StringParser.swift in Sources */,
				0EA97F582222CB8000668C04 /* Parsable.swift in Sources */,
				0EA97F15222236D100668C04 /* FunctionBody.swift in Sources */,
				0EA97F4E2222552100668C04 /* FunctionBody+Chained+Parsable.swift in Sources */,
				0EA97EB2222216AA00668C04 /* TokenGenerator.swift in Sources */,
				0EA97F0F222235FB00668C04 /* TypeSignature.swift in Sources */,
				0EA97F27222239C800668C04 /* TypeIdentifier+Parsable.swift in Sources */,
				0EA97ECF22221F4400668C04 /* CommaTokenGenerator.swift in Sources */,
				0EA97EB8222217D300668C04 /* Swift+Range.swift in Sources */,
				0EA97F01222232AD00668C04 /* SingleTokenParser.swift in Sources */,
				0E1916C822245F9900D12286 /* PatternMatching+Case+Match+Parsable.swift in Sources */,
				0EA97F112222367B00668C04 /* TypeDefinition.swift in Sources */,
				0EA97F542222C41900668C04 /* Parser+Wrapped.swift in Sources */,
				0EA97EF322222E5D00668C04 /* Parser.swift in Sources */,
				0EA97EC322221C3600668C04 /* CloseParenthesisTokenGenerator.swift in Sources */,
				0E1916CE2224601100D12286 /* Value+MembetCall+Selector+Parsable.swift in Sources */,
				0E1916CC22245FE900D12286 /* Value+FunctionCall+Arguments+Parsable.swift in Sources */,
				0EA97EDD2222221A00668C04 /* ElseTokenGenerator.swift in Sources */,
				0EA97EFD2222312700668C04 /* Parser+And.swift in Sources */,
				0EA97ED32222204A00668C04 /* ColonTokenGenerator.swift in Sources */,
				0EA97F4422224E6800668C04 /* MethodDefinition+Parsable.swift in Sources */,
				0E1916C422245F2F00D12286 /* FunctionSignature+Arguments+Parsable.swift in Sources */,
				0EA97F092222352400668C04 /* NumberParser.swift in Sources */,
				0EA97F29222239D300668C04 /* Parser+Optional.swift in Sources */,
				0EA97ED52222207C00668C04 /* SemiColonTokenGenerator.swift in Sources */,
				0EA97F19222237F500668C04 /* TypeIdentifier.swift in Sources */,
				0EA97EE52222238E00668C04 /* CaseTokenGenerator.swift in Sources */,
				0EA97F332222410F00668C04 /* Dictionary+Parsable.swift in Sources */,
				0EA97EDF2222226900668C04 /* MatchTokenGenerator.swift in Sources */,
				0EA97EE1222222A300668C04 /* WithTokenGenerator.swift in Sources */,
			);
			runOnlyForDeploymentPostprocessing = 0;
		};
/* End PBXSourcesBuildPhase section */

/* Begin PBXVariantGroup section */
		0EA97E9F222214B200668C04 /* Main.storyboard */ = {
			isa = PBXVariantGroup;
			children = (
				0EA97EA0222214B200668C04 /* Base */,
			);
			name = Main.storyboard;
			sourceTree = "<group>";
		};
		0EA97EA4222214B300668C04 /* LaunchScreen.storyboard */ = {
			isa = PBXVariantGroup;
			children = (
				0EA97EA5222214B300668C04 /* Base */,
			);
			name = LaunchScreen.storyboard;
			sourceTree = "<group>";
		};
/* End PBXVariantGroup section */

/* Begin XCBuildConfiguration section */
		0EA97EA8222214B300668C04 /* Debug */ = {
			isa = XCBuildConfiguration;
			buildSettings = {
				ALWAYS_SEARCH_USER_PATHS = NO;
				CLANG_ANALYZER_NONNULL = YES;
				CLANG_ANALYZER_NUMBER_OBJECT_CONVERSION = YES_AGGRESSIVE;
				CLANG_CXX_LANGUAGE_STANDARD = "gnu++14";
				CLANG_CXX_LIBRARY = "libc++";
				CLANG_ENABLE_MODULES = YES;
				CLANG_ENABLE_OBJC_ARC = YES;
				CLANG_ENABLE_OBJC_WEAK = YES;
				CLANG_WARN_BLOCK_CAPTURE_AUTORELEASING = YES;
				CLANG_WARN_BOOL_CONVERSION = YES;
				CLANG_WARN_COMMA = YES;
				CLANG_WARN_CONSTANT_CONVERSION = YES;
				CLANG_WARN_DEPRECATED_OBJC_IMPLEMENTATIONS = YES;
				CLANG_WARN_DIRECT_OBJC_ISA_USAGE = YES_ERROR;
				CLANG_WARN_DOCUMENTATION_COMMENTS = YES;
				CLANG_WARN_EMPTY_BODY = YES;
				CLANG_WARN_ENUM_CONVERSION = YES;
				CLANG_WARN_INFINITE_RECURSION = YES;
				CLANG_WARN_INT_CONVERSION = YES;
				CLANG_WARN_NON_LITERAL_NULL_CONVERSION = YES;
				CLANG_WARN_OBJC_IMPLICIT_RETAIN_SELF = YES;
				CLANG_WARN_OBJC_LITERAL_CONVERSION = YES;
				CLANG_WARN_OBJC_ROOT_CLASS = YES_ERROR;
				CLANG_WARN_RANGE_LOOP_ANALYSIS = YES;
				CLANG_WARN_STRICT_PROTOTYPES = YES;
				CLANG_WARN_SUSPICIOUS_MOVE = YES;
				CLANG_WARN_UNGUARDED_AVAILABILITY = YES_AGGRESSIVE;
				CLANG_WARN_UNREACHABLE_CODE = YES;
				CLANG_WARN__DUPLICATE_METHOD_MATCH = YES;
				CODE_SIGN_IDENTITY = "iPhone Developer";
				COPY_PHASE_STRIP = NO;
				DEBUG_INFORMATION_FORMAT = dwarf;
				ENABLE_STRICT_OBJC_MSGSEND = YES;
				ENABLE_TESTABILITY = YES;
				GCC_C_LANGUAGE_STANDARD = gnu11;
				GCC_DYNAMIC_NO_PIC = NO;
				GCC_NO_COMMON_BLOCKS = YES;
				GCC_OPTIMIZATION_LEVEL = 0;
				GCC_PREPROCESSOR_DEFINITIONS = (
					"DEBUG=1",
					"$(inherited)",
				);
				GCC_WARN_64_TO_32_BIT_CONVERSION = YES;
				GCC_WARN_ABOUT_RETURN_TYPE = YES_ERROR;
				GCC_WARN_UNDECLARED_SELECTOR = YES;
				GCC_WARN_UNINITIALIZED_AUTOS = YES_AGGRESSIVE;
				GCC_WARN_UNUSED_FUNCTION = YES;
				GCC_WARN_UNUSED_VARIABLE = YES;
				IPHONEOS_DEPLOYMENT_TARGET = 12.1;
				MTL_ENABLE_DEBUG_INFO = INCLUDE_SOURCE;
				MTL_FAST_MATH = YES;
				ONLY_ACTIVE_ARCH = YES;
				SDKROOT = iphoneos;
				SWIFT_ACTIVE_COMPILATION_CONDITIONS = DEBUG;
				SWIFT_OPTIMIZATION_LEVEL = "-Onone";
			};
			name = Debug;
		};
		0EA97EA9222214B300668C04 /* Release */ = {
			isa = XCBuildConfiguration;
			buildSettings = {
				ALWAYS_SEARCH_USER_PATHS = NO;
				CLANG_ANALYZER_NONNULL = YES;
				CLANG_ANALYZER_NUMBER_OBJECT_CONVERSION = YES_AGGRESSIVE;
				CLANG_CXX_LANGUAGE_STANDARD = "gnu++14";
				CLANG_CXX_LIBRARY = "libc++";
				CLANG_ENABLE_MODULES = YES;
				CLANG_ENABLE_OBJC_ARC = YES;
				CLANG_ENABLE_OBJC_WEAK = YES;
				CLANG_WARN_BLOCK_CAPTURE_AUTORELEASING = YES;
				CLANG_WARN_BOOL_CONVERSION = YES;
				CLANG_WARN_COMMA = YES;
				CLANG_WARN_CONSTANT_CONVERSION = YES;
				CLANG_WARN_DEPRECATED_OBJC_IMPLEMENTATIONS = YES;
				CLANG_WARN_DIRECT_OBJC_ISA_USAGE = YES_ERROR;
				CLANG_WARN_DOCUMENTATION_COMMENTS = YES;
				CLANG_WARN_EMPTY_BODY = YES;
				CLANG_WARN_ENUM_CONVERSION = YES;
				CLANG_WARN_INFINITE_RECURSION = YES;
				CLANG_WARN_INT_CONVERSION = YES;
				CLANG_WARN_NON_LITERAL_NULL_CONVERSION = YES;
				CLANG_WARN_OBJC_IMPLICIT_RETAIN_SELF = YES;
				CLANG_WARN_OBJC_LITERAL_CONVERSION = YES;
				CLANG_WARN_OBJC_ROOT_CLASS = YES_ERROR;
				CLANG_WARN_RANGE_LOOP_ANALYSIS = YES;
				CLANG_WARN_STRICT_PROTOTYPES = YES;
				CLANG_WARN_SUSPICIOUS_MOVE = YES;
				CLANG_WARN_UNGUARDED_AVAILABILITY = YES_AGGRESSIVE;
				CLANG_WARN_UNREACHABLE_CODE = YES;
				CLANG_WARN__DUPLICATE_METHOD_MATCH = YES;
				CODE_SIGN_IDENTITY = "iPhone Developer";
				COPY_PHASE_STRIP = NO;
				DEBUG_INFORMATION_FORMAT = "dwarf-with-dsym";
				ENABLE_NS_ASSERTIONS = NO;
				ENABLE_STRICT_OBJC_MSGSEND = YES;
				GCC_C_LANGUAGE_STANDARD = gnu11;
				GCC_NO_COMMON_BLOCKS = YES;
				GCC_WARN_64_TO_32_BIT_CONVERSION = YES;
				GCC_WARN_ABOUT_RETURN_TYPE = YES_ERROR;
				GCC_WARN_UNDECLARED_SELECTOR = YES;
				GCC_WARN_UNINITIALIZED_AUTOS = YES_AGGRESSIVE;
				GCC_WARN_UNUSED_FUNCTION = YES;
				GCC_WARN_UNUSED_VARIABLE = YES;
				IPHONEOS_DEPLOYMENT_TARGET = 12.1;
				MTL_ENABLE_DEBUG_INFO = NO;
				MTL_FAST_MATH = YES;
				SDKROOT = iphoneos;
				SWIFT_COMPILATION_MODE = wholemodule;
				SWIFT_OPTIMIZATION_LEVEL = "-O";
				VALIDATE_PRODUCT = YES;
			};
			name = Release;
		};
		0EA97EAB222214B300668C04 /* Debug */ = {
			isa = XCBuildConfiguration;
			buildSettings = {
				ASSETCATALOG_COMPILER_APPICON_NAME = AppIcon;
				CODE_SIGN_STYLE = Automatic;
				DEVELOPMENT_TEAM = KJPP698PR3;
				INFOPLIST_FILE = Llama/Info.plist;
				LD_RUNPATH_SEARCH_PATHS = (
					"$(inherited)",
					"@executable_path/Frameworks",
				);
				PRODUCT_BUNDLE_IDENTIFIER = io.quintero.Llama;
				PRODUCT_NAME = "$(TARGET_NAME)";
				SWIFT_VERSION = 4.2;
				TARGETED_DEVICE_FAMILY = "1,2";
			};
			name = Debug;
		};
		0EA97EAC222214B300668C04 /* Release */ = {
			isa = XCBuildConfiguration;
			buildSettings = {
				ASSETCATALOG_COMPILER_APPICON_NAME = AppIcon;
				CODE_SIGN_STYLE = Automatic;
				DEVELOPMENT_TEAM = KJPP698PR3;
				INFOPLIST_FILE = Llama/Info.plist;
				LD_RUNPATH_SEARCH_PATHS = (
					"$(inherited)",
					"@executable_path/Frameworks",
				);
				PRODUCT_BUNDLE_IDENTIFIER = io.quintero.Llama;
				PRODUCT_NAME = "$(TARGET_NAME)";
				SWIFT_VERSION = 4.2;
				TARGETED_DEVICE_FAMILY = "1,2";
			};
			name = Release;
		};
/* End XCBuildConfiguration section */

/* Begin XCConfigurationList section */
		0EA97E93222214B200668C04 /* Build configuration list for PBXProject "Llama" */ = {
			isa = XCConfigurationList;
			buildConfigurations = (
				0EA97EA8222214B300668C04 /* Debug */,
				0EA97EA9222214B300668C04 /* Release */,
			);
			defaultConfigurationIsVisible = 0;
			defaultConfigurationName = Release;
		};
		0EA97EAA222214B300668C04 /* Build configuration list for PBXNativeTarget "Llama" */ = {
			isa = XCConfigurationList;
			buildConfigurations = (
				0EA97EAB222214B300668C04 /* Debug */,
				0EA97EAC222214B300668C04 /* Release */,
			);
			defaultConfigurationIsVisible = 0;
			defaultConfigurationName = Release;
		};
/* End XCConfigurationList section */
	};
	rootObject = 0EA97E90222214B200668C04 /* Project object */;
}
